{
  "name": "puk-sports-board-motion",
  "lockfileVersion": 3,
  "requires": true,
  "packages": {
    "": {
      "name": "puk-sports-board-motion",
      "dependencies": {
        "three": "^0.186.1"
      },
      "devDependencies": {
        "@audio-samples/piano-mp3-velocity12": "^1.0.5",
        "@audio-samples/piano-mp3-velocity5": "^1.0.5",
        "@audio-samples/piano-mp3-velocity9": "^1.0.5",
        "playwright": "1.56.1",
        "tonejs-instrument-cello-mp3": "^1.1.1",
        "tonejs-instrument-contrabass-mp3": "^1.1.2",
        "tonejs-instrument-french-horn-mp3": "^1.1.2",
        "tonejs-instrument-harp-mp3": "^1.1.1",
        "tonejs-instrument-violin-mp3": "^1.1.1"
      }
    },
    "node_modules/@audio-samples/piano-mp3-velocity12": {
      "version": "1.0.5",
      "resolved": "https://registry.npmjs.org/@audio-samples/piano-mp3-velocity12/-/piano-mp3-velocity12-1.0.5.tgz",
      "integrity": "sha512-I5NLZNX3mbu/37mr/kgH8ClQJy4Ph8I9z3WK8so080DAzMdVYPq9zY1m0UFS/pgV0watRxYG3gQ1yXG3VKpBcw==",
      "dev": true,
      "license": "MIT"
    },
    "node_modules/@audio-samples/piano-mp3-velocity5": {
      "version": "1.0.5",
      "resolved": "https://registry.npmjs.org/@audio-samples/piano-mp3-velocity5/-/piano-mp3-velocity5-1.0.5.tgz",
      "integrity": "sha512-58FMvTIh9C0ufjZLvDzyJnltN+dxiZ7695THmw7WxONK2OZmmlB4PPP59wXV9KVIYNrR9T/p/kJPIvwys+8URw==",
      "dev": true,
      "license": "MIT"
    },
    "node_modules/@audio-samples/piano-mp3-velocity9": {
      "version": "1.0.5",
      "resolved": "https://registry.npmjs.org/@audio-samples/piano-mp3-velocity9/-/piano-mp3-velocity9-1.0.5.tgz",
      "integrity": "sha512-L+aK1FFmy8+A54zQAIn3prXgcGJn4Kl4LrzXDMMmLW86uybm6nxLIz19ofKoRj55dyoaBcCi6U/+oot/oQPbLg==",
      "dev": true,
      "license": "MIT"
    },
    "node_modules/@babel/runtime": {
      "version": "7.29.7",
      "resolved": "https://registry.npmjs.org/@babel/runtime/-/runtime-7.29.7.tgz",
      "integrity": "sha512-Nq8OhGWiZIZGV6hLHoyAKLLcJihP/xFeBMGJoUrxTX2psI8dCifzLhZISFb+VWS3wFMRDmCGw5R+dOySCqPLhw==",
      "dev": true,
      "license": "MIT",
      "peer": true,
      "engines": {
        "node": ">=6.9.0"
      }
    },
    "node_modules/automation-events": {
      "version": "7.1.19",
      "resolved": "https://registry.npmjs.org/automation-events/-/automation-events-7.1.19.tgz",
      "integrity": "sha512-cD+TLhJTI0q4AI3ktd353lrGZiVa9AchowSDzQzzGjSoYe22js4vlS32VUtWuaulghi1Yq0KYNWKk9wWuGymPA==",
      "dev": true,
      "license": "MIT",
      "peer": true,
      "dependencies": {
        "@babel/runtime": "^7.29.2",
        "tslib": "^2.8.1"
      },
      "engines": {
        "node": ">=18.2.0"
      }
    },
    "node_modules/fsevents": {
      "version": "2.3.2",
      "resolved": "https://registry.npmjs.org/fsevents/-/fsevents-2.3.2.tgz",
      "integrity": "sha512-xiqMQR4xAeHTuB9uWm+fFRcIOgKBMiOBP+eXiyT7jsgVCq1bkVygt00oASowB7EdtpOHaaPgKt812P9ab+DDKA==",
      "dev": true,
      "hasInstallScript": true,
      "license": "MIT",
      "optional": true,
      "os": [
        "darwin"
      ],
      "engines": {
        "node": "^8.16.0 || ^10.6.0 || >=11.0.0"
      }
    },
    "node_modules/playwright": {
      "version": "1.56.1",
      "resolved": "https://registry.npmjs.org/playwright/-/playwright-1.56.1.tgz",
      "integrity": "sha512-aFi5B0WovBHTEvpM3DzXTUaeN6eN0qWnTkKx4NQaH4Wvcmc153PdaY2UBdSYKaGYw+UyWXSVyxDUg5DoPEttjw==",
      "dev": true,
      "license": "Apache-2.0",
      "dependencies": {
        "playwright-core": "1.56.1"
      },
      "bin": {
        "playwright": "cli.js"
      },
      "engines": {
        "node": ">=18"
      },
      "optionalDependencies": {
        "fsevents": "2.3.2"
      }
    },
    "node_modules/playwright-core": {
      "version": "1.56.1",
      "resolved": "https://registry.npmjs.org/playwright-core/-/playwright-core-1.56.1.tgz",
      "integrity": "sha512-hutraynyn31F+Bifme+Ps9Vq59hKuUCz7H1kDOcBs+2oGguKkWTU50bBWrtz34OUWmIwpBTWDxaRPXrIXkgvmQ==",
      "dev": true,
      "license": "Apache-2.0",
      "bin": {
        "playwright-core": "cli.js"
      },
      "engines": {
        "node": ">=18"
      }
    },
    "node_modules/standardized-audio-context": {
      "version": "25.3.77",
      "resolved": "https://registry.npmjs.org/standardized-audio-context/-/standardized-audio-context-25.3.77.tgz",
      "integrity": "sha512-Ki9zNz6pKcC5Pi+QPjPyVsD9GwJIJWgryji0XL9cAJXMGyn+dPOf6Qik1AHei0+UNVcc4BOCa0hWLBzlwqsW/A==",
      "dev": true,
      "license": "MIT",
      "peer": true,
      "dependencies": {
        "@babel/runtime": "^7.25.6",
        "automation-events": "^7.0.9",
        "tslib": "^2.7.0"
      }
    },
    "node_modules/three": {
      "version": "0.186.1",
      "resolved": "https://registry.npmjs.org/three/-/three-0.186.1.tgz",
      "integrity": "sha512-blFeqb49wRCSGUGj7gtpfnSGHy2lwDk94RhUmS1c/hTby70kvChbWpkJ4Pm1390LqzzvTmzgXKHPEafJwCb8jA==",
      "license": "MIT"
    },
    "node_modules/tone": {
      "version": "14.9.17",
      "resolved": "https://registry.npmjs.org/tone/-/tone-14.9.17.tgz",
      "integrity": "sha512-+Qb7M4NMua+tb5Z52+MEVmjye0fjJuIFBePx423pqr9E6/lHDqZAG+fUAvo+Ujm48q0s9bVLRAyT1ETJJglNtg==",
      "dev": true,
      "license": "MIT",
      "peer": true,
      "dependencies": {
        "standardized-audio-context": "^25.3.70",
        "tslib": "^2.3.1"
      }
    },
    "node_modules/tonejs-instrument-cello-mp3": {
      "version": "1.1.1",
      "resolved": "https://registry.npmjs.org/tonejs-instrument-cello-mp3/-/tonejs-instrument-cello-mp3-1.1.1.tgz",
      "integrity": "sha512-d9kSOJL5DEBFPnCovfEGkVPMnlEJmzGShbvJc+Ntpij8TMyX2DJ+2vVvdxheWMJg7j8uljO3aF2j+vnSunX+hg==",
      "dev": true,
      "license": "MIT",
      "peerDependencies": {
        "tone": "^14.7.77"
      }
    },
    "node_modules/tonejs-instrument-contrabass-mp3": {
      "version": "1.1.2",
      "resolved": "https://registry.npmjs.org/tonejs-instrument-contrabass-mp3/-/tonejs-instrument-contrabass-mp3-1.1.2.tgz",
      "integrity": "sha512-05kjiRsBEnSHLgadYTpES5gyBtJ1Sue0QWLjmqs3+lmonzSHLxIOGlDHyY6a8k6VPMDEHnSAtYYpvYq6cmrlXw==",
      "dev": true,
      "license": "MIT",
      "peerDependencies": {
        "tone": "^14.7.77"
      }
    },
    "node_modules/tonejs-instrument-french-horn-mp3": {
      "version": "1.1.2",
      "resolved": "https://registry.npmjs.org/tonejs-instrument-french-horn-mp3/-/tonejs-instrument-french-horn-mp3-1.1.2.tgz",
      "integrity": "sha512-Qz5OebzWYpc4ape2kNKvIzYsLFVJWN63zeoVGvOw65p9cs5AtAGt+OeMqwoH6XI+v8SxP0gI7qJ8kMrYUqzgGQ==",
      "dev": true,
      "license": "MIT",
      "peerDependencies": {
        "tone": "^14.7.77"
      }
    },
    "node_modules/tonejs-instrument-harp-mp3": {
      "version": "1.1.1",
      "resolved": "https://registry.npmjs.org/tonejs-instrument-harp-mp3/-/tonejs-instrument-harp-mp3-1.1.1.tgz",
      "integrity": "sha512-6WGOpdjYu8ak1Pu3FXNtpEFGHMXSBEyjIwRKpjrjzo7CAJqyVQzUC1eSH1MXMPujpCwl5iUyKmft6p2DEc40tg==",
      "dev": true,
      "license": "MIT",
      "peerDependencies": {
        "tone": "^14.7.77"
      }
    },
    "node_modules/tonejs-instrument-violin-mp3": {
      "version": "1.1.1",
      "resolved": "https://registry.npmjs.org/tonejs-instrument-violin-mp3/-/tonejs-instrument-violin-mp3-1.1.1.tgz",
      "integrity": "sha512-uTZ87W4COhfDR16x4HTcX9fudOpRDGlIi4fSMCF7CI1VoyhQ19n1i5wj3pdH9QbkFncXhLBab+eP3xq+Le4q2A==",
      "dev": true,
      "license": "MIT",
      "peerDependencies": {
        "tone": "^14.7.77"
      }
    },
    "node_modules/tslib": {
      "version": "2.8.1",
      "resolved": "https://registry.npmjs.org/tslib/-/tslib-2.8.1.tgz",
      "integrity": "sha512-oJFu94HQb+KVduSUQL7wnpmqnfmLsOA/nAh6b6EH0wCEoK0/mPeXU6c3wKDV83MkOuHPRHtSXKKU99IBazS/2w==",
      "dev": true,
      "license": "0BSD",
      "peer": true
    }
  }
}
